Microsoft Visual Studio Solution File, Format Version 12.00
# Visual Studio Version 17
VisualStudioVersion = 17.10.35122.118
MinimumVisualStudioVersion = 10.0.40219.1
Project("{2150E333-8FDC-42A3-9474-1A3956D46DE8}") = "src", "src", "{4ED70E92-F679-4B86-A5B3-EC1234EA24D2}"
EndProject
Project("{9A19103F-16F7-4668-BE54-9A1E7A4F7556}") = "Slnx", "src\Slnx\Slnx.csproj", "{D23FC02A-231A-48F1-86E3-1C6DD9D0D8C0}"
EndProject
Project("{2150E333-8FDC-42A3-9474-1A3956D46DE8}") = "benchmark", "benchmark", "{D32C2907-F140-4C3B-98A4-F5511A2C8D43}"
EndProject
Project("{FAE04EC0-301F-11D3-BF4B-00C04F79EFBC}") = "Slnx.ReadBenchmark", "benchmark\Slnx.ReadBenchmark\Slnx.ReadBenchmark.csproj", "{BFB1A338-7FE1-46A1-9F41-2BEF3ABBF301}"
EndProject
Project("{FAE04EC0-301F-11D3-BF4B-00C04F79EFBC}") = "Slnx.WriteBenchmark", "benchmark\Slnx.WriteBenchmark\Slnx.WriteBenchmark.csproj", "{420A3B54-9B79-41A3-82D0-7C275212B44D}"
EndProject
Global
	GlobalSection(ExtensibilityGlobals) = postSolution
		SolutionGuid = {C1D04ABB-EF13-4243-A653-B1BC6CB05EB8}
	EndGlobalSection
	GlobalSection(NestedProjects) = preSolution
		{420A3B54-9B79-41A3-82D0-7C275212B44D} = {D32C2907-F140-4C3B-98A4-F5511A2C8D43}
		{BFB1A338-7FE1-46A1-9F41-2BEF3ABBF301} = {D32C2907-F140-4C3B-98A4-F5511A2C8D43}
		{D23FC02A-231A-48F1-86E3-1C6DD9D0D8C0} = {4ED70E92-F679-4B86-A5B3-EC1234EA24D2}
	EndGlobalSection
	GlobalSection(ProjectConfigurationPlatforms) = postSolution
		{420A3B54-9B79-41A3-82D0-7C275212B44D}.Debug|Any CPU.ActiveCfg = Debug|Any CPU
		{420A3B54-9B79-41A3-82D0-7C275212B44D}.Debug|Any CPU.Build.0 = Debug|Any CPU
		{420A3B54-9B79-41A3-82D0-7C275212B44D}.Release|Any CPU.ActiveCfg = Release|Any CPU
		{420A3B54-9B79-41A3-82D0-7C275212B44D}.Release|Any CPU.Build.0 = Release|Any CPU
		{BFB1A338-7FE1-46A1-9F41-2BEF3ABBF301}.Debug|Any CPU.ActiveCfg = Debug|Any CPU
		{BFB1A338-7FE1-46A1-9F41-2BEF3ABBF301}.Debug|Any CPU.Build.0 = Debug|Any CPU
		{BFB1A338-7FE1-46A1-9F41-2BEF3ABBF301}.Release|Any CPU.ActiveCfg = Release|Any CPU
		{BFB1A338-7FE1-46A1-9F41-2BEF3ABBF301}.Release|Any CPU.Build.0 = Release|Any CPU
		{D23FC02A-231A-48F1-86E3-1C6DD9D0D8C0}.Debug|Any CPU.ActiveCfg = Debug|Any CPU
		{D23FC02A-231A-48F1-86E3-1C6DD9D0D8C0}.Debug|Any CPU.Build.0 = Debug|Any CPU
		{D23FC02A-231A-48F1-86E3-1C6DD9D0D8C0}.Release|Any CPU.ActiveCfg = Release|Any CPU
		{D23FC02A-231A-48F1-86E3-1C6DD9D0D8C0}.Release|Any CPU.Build.0 = Release|Any CPU
	EndGlobalSection
	GlobalSection(SolutionConfigurationPlatforms) = preSolution
		Debug|Any CPU = Debug|Any CPU
		Release|Any CPU = Release|Any CPU
	EndGlobalSection
	GlobalSection(SolutionProperties) = preSolution
		HideSolutionNode = FALSE
	EndGlobalSection
EndGlobal
ny CPU.Build.0 = Release|Any CPU
		{BF6A75A8-2A70-42AC-A84A-547CED1EF608}.Debug|Any CPU.ActiveCfg = Debug|Any CPU
		{BF6A75A8-2A70-42AC-A84A-547CED1EF608}.Debug|Any CPU.Build.0 = Debug|Any CPU
		{BF6A75A8-2A70-42AC-A84A-547CED1EF608}.Release|Any CPU.ActiveCfg = Release|Any CPU
		{BF6A75A8-2A70-42AC-A84A-547CED1EF608}.Release|Any CPU.Build.0 = Release|Any CPU
		{BFB1A338-7FE1-46A1-9F41-2BEF3ABBF301}.Debug|Any CPU.ActiveCfg = Debug|Any CPU
		{BFB1A338-7FE1-46A1-9F41-2BEF3ABBF301}.Debug|Any CPU.Build.0 = Debug|Any CPU
		{BFB1A338-7FE1-46A1-9F41-2BEF3ABBF301}.Release|Any CPU.ActiveCfg = Release|Any CPU
		{BFB1A338-7FE1-46A1-9F41-2BEF3ABBF301}.Release|Any CPU.Build.0 = Release|Any CPU
		{D23FC02A-231A-48F1-86E3-1C6DD9D0D8C0}.Debug|Any CPU.ActiveCfg = Debug|Any CPU
		{D23FC02A-231A-48F1-86E3-1C6DD9D0D8C0}.Debug|Any CPU.Build.0 = Debug|Any CPU
		{D23FC02A-231A-48F1-86E3-1C6DD9D0D8C0}.Release|Any CPU.ActiveCfg = Release|Any CPU
		{D23FC02A-231A-48F1-86E3-1C6DD9D0D8C0}.Release|Any CPU.Build.0 = Release|Any CPU
	EndGlobalSection
	GlobalSection(SolutionConfigurationPlatforms) = preSolution
		Debug|Any CPU = Debug|Any CPU
		Release|Any CPU = Release|Any CPU
	EndGlobalSection
	GlobalSection(SolutionProperties) = preSolution
		HideSolutionNode = FALSE
	EndGlobalSection
EndGlobal
