
Microsoft Visual Studio Solution File, Format Version 12.00
# Visual Studio Version 17
VisualStudioVersion = 17.9.34728.123
MinimumVisualStudioVersion = 10.0.40219.1
Project("{9A19103F-16F7-4668-BE54-9A1E7A4F7556}") = "Slnx", "Slnx\Slnx.csproj", "{4DA19F7F-50E7-44D3-BD9D-C6EC70E2DBFA}"
EndProject
Project("{9A19103F-16F7-4668-BE54-9A1E7A4F7556}") = "Slnx.TestConsole", "Slnx.TestConsole\Slnx.TestConsole.csproj", "{00BAC8CB-F830-493D-866D-19455BFD66A4}"
EndProject
Global
	GlobalSection(SolutionConfigurationPlatforms) = preSolution
		Debug|Any CPU = Debug|Any CPU
		Release|Any CPU = Release|Any CPU
	EndGlobalSection
	GlobalSection(ProjectConfigurationPlatforms) = postSolution
		{4DA19F7F-50E7-44D3-BD9D-C6EC70E2DBFA}.Debug|Any CPU.ActiveCfg = Debug|Any CPU
		{4DA19F7F-50E7-44D3-BD9D-C6EC70E2DBFA}.Debug|Any CPU.Build.0 = Debug|Any CPU
		{4DA19F7F-50E7-44D3-BD9D-C6EC70E2DBFA}.Release|Any CPU.ActiveCfg = Release|Any CPU
		{4DA19F7F-50E7-44D3-BD9D-C6EC70E2DBFA}.Release|Any CPU.Build.0 = Release|Any CPU
		{00BAC8CB-F830-493D-866D-19455BFD66A4}.Debug|Any CPU.ActiveCfg = Debug|Any CPU
		{00BAC8CB-F830-493D-866D-19455BFD66A4}.Debug|Any CPU.Build.0 = Debug|Any CPU
		{00BAC8CB-F830-493D-866D-19455BFD66A4}.Release|Any CPU.ActiveCfg = Release|Any CPU
		{00BAC8CB-F830-493D-866D-19455BFD66A4}.Release|Any CPU.Build.0 = Release|Any CPU
	EndGlobalSection
	GlobalSection(SolutionProperties) = preSolution
		HideSolutionNode = FALSE
	EndGlobalSection
	GlobalSection(ExtensibilityGlobals) = postSolution
		SolutionGuid = {3D5A96DC-8FB0-4951-B8E7-9D23B7B7CB10}
	EndGlobalSection
EndGlobal
